
Microsoft Visual Studio Solution File, Format Version 12.00
# Visual Studio 15
VisualStudioVersion = 15.0.28010.2046
MinimumVisualStudioVersion = 10.0.40219.1
Project("{FAE04EC0-301F-11D3-BF4B-00C04F79EFBC}") = "Lusa.UI.Startup", "src\Startup\Lusa.UI.Startup.csproj", "{74B9745F-321B-409F-BBFE-95EFEED1F9FB}"
	ProjectSection(ProjectDependencies) = postProject
		{9DE99705-50E4-4E8B-8983-BA95BCCEE1AD} = {9DE99705-50E4-4E8B-8983-BA95BCCEE1AD}
		{2C2A076B-E626-4A07-9D6E-4AEE3FEC41B6} = {2C2A076B-E626-4A07-9D6E-4AEE3FEC41B6}
		{26B75972-8DE5-4D42-8CA0-73ACED0A5E66} = {26B75972-8DE5-4D42-8CA0-73ACED0A5E66}
		{D4AE0E92-B3B9-409E-8701-5F0DB6565023} = {D4AE0E92-B3B9-409E-8701-5F0DB6565023}
	EndProjectSection
EndProject
Project("{FAE04EC0-301F-11D3-BF4B-00C04F79EFBC}") = "Lusa.AddinEngine", "src\AddinCore\Lusa.AddinEngine.csproj", "{6BD9BD94-AEF1-4F2B-B15C-54623DDEBAD6}"
EndProject
Project("{2150E333-8FDC-42A3-9474-1A3956D46DE8}") = "Plugins", "Plugins", "{05F1FCAA-2205-47B1-B014-EEE9D9C9B4A0}"
EndProject
Project("{FAE04EC0-301F-11D3-BF4B-00C04F79EFBC}") = "Lusa.UI.WorkBenchContract", "src\Addins\WorkBench\WorkBenchContract\Lusa.UI.WorkBenchContract.csproj", "{B2138FFE-1C61-4322-9173-2C5EA1AE5DE6}"
EndProject
Project("{2150E333-8FDC-42A3-9474-1A3956D46DE8}") = "UIFramwork", "UIFramwork", "{805645C0-5010-418E-B2B0-0554FAF8A9A1}"
EndProject
Project("{2150E333-8FDC-42A3-9474-1A3956D46DE8}") = "UIPart", "UIPart", "{40D3DE79-9FF0-4AB1-A5CB-B35A52622006}"
EndProject
Project("{2150E333-8FDC-42A3-9474-1A3956D46DE8}") = "PaneViews", "PaneViews", "{DC01FD92-DFB1-4F43-9A53-5FC58F49DABA}"
EndProject
Project("{2150E333-8FDC-42A3-9474-1A3956D46DE8}") = "Theme", "Theme", "{7755DDF5-CD33-442E-A8E9-4EB6DFBF4F58}"
EndProject
Project("{2150E333-8FDC-42A3-9474-1A3956D46DE8}") = "Others", "Others", "{2D2C92C1-B3B0-4F43-A865-216FD70D5DCB}"
EndProject
Project("{FAE04EC0-301F-11D3-BF4B-00C04F79EFBC}") = "Lusa.UI.MainPanel", "src\Addins\MainPanel\Lusa.UI.MainPanel.csproj", "{D4AE0E92-B3B9-409E-8701-5F0DB6565023}"
EndProject
Project("{FAE04EC0-301F-11D3-BF4B-00C04F79EFBC}") = "Lusa.UI.ErrorMessagePersistant", "src\Addins\Others\ErrorMessagePersistant\Lusa.UI.ErrorMessagePersistant.csproj", "{26B75972-8DE5-4D42-8CA0-73ACED0A5E66}"
EndProject
Project("{FAE04EC0-301F-11D3-BF4B-00C04F79EFBC}") = "Lusa.UI.WorkBench", "src\Addins\WorkBench\WorkBench\Lusa.UI.WorkBench.csproj", "{2C2A076B-E626-4A07-9D6E-4AEE3FEC41B6}"
EndProject
Project("{FAE04EC0-301F-11D3-BF4B-00C04F79EFBC}") = "Lusa.UI.Msic", "src\Msic\Lusa.UI.Msic.csproj", "{9DE99705-50E4-4E8B-8983-BA95BCCEE1AD}"
EndProject
Global
	GlobalSection(SolutionConfigurationPlatforms) = preSolution
		Debug|Any CPU = Debug|Any CPU
		Debug|Mixed Platforms = Debug|Mixed Platforms
		Debug|x86 = Debug|x86
		Release|Any CPU = Release|Any CPU
		Release|Mixed Platforms = Release|Mixed Platforms
		Release|x86 = Release|x86
	EndGlobalSection
	GlobalSection(ProjectConfigurationPlatforms) = postSolution
		{74B9745F-321B-409F-BBFE-95EFEED1F9FB}.Debug|Any CPU.ActiveCfg = Debug|Any CPU
		{74B9745F-321B-409F-BBFE-95EFEED1F9FB}.Debug|Any CPU.Build.0 = Debug|Any CPU
		{74B9745F-321B-409F-BBFE-95EFEED1F9FB}.Debug|Mixed Platforms.ActiveCfg = Debug|Any CPU
		{74B9745F-321B-409F-BBFE-95EFEED1F9FB}.Debug|Mixed Platforms.Build.0 = Debug|Any CPU
		{74B9745F-321B-409F-BBFE-95EFEED1F9FB}.Debug|x86.ActiveCfg = Debug|Any CPU
		{74B9745F-321B-409F-BBFE-95EFEED1F9FB}.Release|Any CPU.ActiveCfg = Release|Any CPU
		{74B9745F-321B-409F-BBFE-95EFEED1F9FB}.Release|Any CPU.Build.0 = Release|Any CPU
		{74B9745F-321B-409F-BBFE-95EFEED1F9FB}.Release|Mixed Platforms.ActiveCfg = Release|Any CPU
		{74B9745F-321B-409F-BBFE-95EFEED1F9FB}.Release|Mixed Platforms.Build.0 = Release|Any CPU
		{74B9745F-321B-409F-BBFE-95EFEED1F9FB}.Release|x86.ActiveCfg = Release|Any CPU
		{6BD9BD94-AEF1-4F2B-B15C-54623DDEBAD6}.Debug|Any CPU.ActiveCfg = Debug|Any CPU
		{6BD9BD94-AEF1-4F2B-B15C-54623DDEBAD6}.Debug|Any CPU.Build.0 = Debug|Any CPU
		{6BD9BD94-AEF1-4F2B-B15C-54623DDEBAD6}.Debug|Mixed Platforms.ActiveCfg = Debug|Any CPU
		{6BD9BD94-AEF1-4F2B-B15C-54623DDEBAD6}.Debug|Mixed Platforms.Build.0 = Debug|Any CPU
		{6BD9BD94-AEF1-4F2B-B15C-54623DDEBAD6}.Debug|x86.ActiveCfg = Debug|Any CPU
		{6BD9BD94-AEF1-4F2B-B15C-54623DDEBAD6}.Release|Any CPU.ActiveCfg = Release|Any CPU
		{6BD9BD94-AEF1-4F2B-B15C-54623DDEBAD6}.Release|Any CPU.Build.0 = Release|Any CPU
		{6BD9BD94-AEF1-4F2B-B15C-54623DDEBAD6}.Release|Mixed Platforms.ActiveCfg = Release|Any CPU
		{6BD9BD94-AEF1-4F2B-B15C-54623DDEBAD6}.Release|Mixed Platforms.Build.0 = Release|Any CPU
		{6BD9BD94-AEF1-4F2B-B15C-54623DDEBAD6}.Release|x86.ActiveCfg = Release|Any CPU
		{B2138FFE-1C61-4322-9173-2C5EA1AE5DE6}.Debug|Any CPU.ActiveCfg = Debug|Any CPU
		{B2138FFE-1C61-4322-9173-2C5EA1AE5DE6}.Debug|Any CPU.Build.0 = Debug|Any CPU
		{B2138FFE-1C61-4322-9173-2C5EA1AE5DE6}.Debug|Mixed Platforms.ActiveCfg = Debug|Any CPU
		{B2138FFE-1C61-4322-9173-2C5EA1AE5DE6}.Debug|Mixed Platforms.Build.0 = Debug|Any CPU
		{B2138FFE-1C61-4322-9173-2C5EA1AE5DE6}.Debug|x86.ActiveCfg = Debug|Any CPU
		{B2138FFE-1C61-4322-9173-2C5EA1AE5DE6}.Release|Any CPU.ActiveCfg = Release|Any CPU
		{B2138FFE-1C61-4322-9173-2C5EA1AE5DE6}.Release|Any CPU.Build.0 = Release|Any CPU
		{B2138FFE-1C61-4322-9173-2C5EA1AE5DE6}.Release|Mixed Platforms.ActiveCfg = Release|Any CPU
		{B2138FFE-1C61-4322-9173-2C5EA1AE5DE6}.Release|Mixed Platforms.Build.0 = Release|Any CPU
		{B2138FFE-1C61-4322-9173-2C5EA1AE5DE6}.Release|x86.ActiveCfg = Release|Any CPU
		{D4AE0E92-B3B9-409E-8701-5F0DB6565023}.Debug|Any CPU.ActiveCfg = Debug|Any CPU
		{D4AE0E92-B3B9-409E-8701-5F0DB6565023}.Debug|Any CPU.Build.0 = Debug|Any CPU
		{D4AE0E92-B3B9-409E-8701-5F0DB6565023}.Debug|Mixed Platforms.ActiveCfg = Debug|Any CPU
		{D4AE0E92-B3B9-409E-8701-5F0DB6565023}.Debug|Mixed Platforms.Build.0 = Debug|Any CPU
		{D4AE0E92-B3B9-409E-8701-5F0DB6565023}.Debug|x86.ActiveCfg = Debug|Any CPU
		{D4AE0E92-B3B9-409E-8701-5F0DB6565023}.Debug|x86.Build.0 = Debug|Any CPU
		{D4AE0E92-B3B9-409E-8701-5F0DB6565023}.Release|Any CPU.ActiveCfg = Release|Any CPU
		{D4AE0E92-B3B9-409E-8701-5F0DB6565023}.Release|Any CPU.Build.0 = Release|Any CPU
		{D4AE0E92-B3B9-409E-8701-5F0DB6565023}.Release|Mixed Platforms.ActiveCfg = Release|Any CPU
		{D4AE0E92-B3B9-409E-8701-5F0DB6565023}.Release|Mixed Platforms.Build.0 = Release|Any CPU
		{D4AE0E92-B3B9-409E-8701-5F0DB6565023}.Release|x86.ActiveCfg = Release|Any CPU
		{D4AE0E92-B3B9-409E-8701-5F0DB6565023}.Release|x86.Build.0 = Release|Any CPU
		{26B75972-8DE5-4D42-8CA0-73ACED0A5E66}.Debug|Any CPU.ActiveCfg = Debug|Any CPU
		{26B75972-8DE5-4D42-8CA0-73ACED0A5E66}.Debug|Any CPU.Build.0 = Debug|Any CPU
		{26B75972-8DE5-4D42-8CA0-73ACED0A5E66}.Debug|Mixed Platforms.ActiveCfg = Debug|Any CPU
		{26B75972-8DE5-4D42-8CA0-73ACED0A5E66}.Debug|Mixed Platforms.Build.0 = Debug|Any CPU
		{26B75972-8DE5-4D42-8CA0-73ACED0A5E66}.Debug|x86.ActiveCfg = Debug|Any CPU
		{26B75972-8DE5-4D42-8CA0-73ACED0A5E66}.Debug|x86.Build.0 = Debug|Any CPU
		{26B75972-8DE5-4D42-8CA0-73ACED0A5E66}.Release|Any CPU.ActiveCfg = Release|Any CPU
		{26B75972-8DE5-4D42-8CA0-73ACED0A5E66}.Release|Any CPU.Build.0 = Release|Any CPU
		{26B75972-8DE5-4D42-8CA0-73ACED0A5E66}.Release|Mixed Platforms.ActiveCfg = Release|Any CPU
		{26B75972-8DE5-4D42-8CA0-73ACED0A5E66}.Release|Mixed Platforms.Build.0 = Release|Any CPU
		{26B75972-8DE5-4D42-8CA0-73ACED0A5E66}.Release|x86.ActiveCfg = Release|Any CPU
		{26B75972-8DE5-4D42-8CA0-73ACED0A5E66}.Release|x86.Build.0 = Release|Any CPU
		{2C2A076B-E626-4A07-9D6E-4AEE3FEC41B6}.Debug|Any CPU.ActiveCfg = Debug|Any CPU
		{2C2A076B-E626-4A07-9D6E-4AEE3FEC41B6}.Debug|Any CPU.Build.0 = Debug|Any CPU
		{2C2A076B-E626-4A07-9D6E-4AEE3FEC41B6}.Debug|Mixed Platforms.ActiveCfg = Debug|Any CPU
		{2C2A076B-E626-4A07-9D6E-4AEE3FEC41B6}.Debug|Mixed Platforms.Build.0 = Debug|Any CPU
		{2C2A076B-E626-4A07-9D6E-4AEE3FEC41B6}.Debug|x86.ActiveCfg = Debug|Any CPU
		{2C2A076B-E626-4A07-9D6E-4AEE3FEC41B6}.Debug|x86.Build.0 = Debug|Any CPU
		{2C2A076B-E626-4A07-9D6E-4AEE3FEC41B6}.Release|Any CPU.ActiveCfg = Release|Any CPU
		{2C2A076B-E626-4A07-9D6E-4AEE3FEC41B6}.Release|Any CPU.Build.0 = Release|Any CPU
		{2C2A076B-E626-4A07-9D6E-4AEE3FEC41B6}.Release|Mixed Platforms.ActiveCfg = Release|Any CPU
		{2C2A076B-E626-4A07-9D6E-4AEE3FEC41B6}.Release|Mixed Platforms.Build.0 = Release|Any CPU
		{2C2A076B-E626-4A07-9D6E-4AEE3FEC41B6}.Release|x86.ActiveCfg = Release|Any CPU
		{2C2A076B-E626-4A07-9D6E-4AEE3FEC41B6}.Release|x86.Build.0 = Release|Any CPU
		{9DE99705-50E4-4E8B-8983-BA95BCCEE1AD}.Debug|Any CPU.ActiveCfg = Debug|Any CPU
		{9DE99705-50E4-4E8B-8983-BA95BCCEE1AD}.Debug|Any CPU.Build.0 = Debug|Any CPU
		{9DE99705-50E4-4E8B-8983-BA95BCCEE1AD}.Debug|Mixed Platforms.ActiveCfg = Debug|Any CPU
		{9DE99705-50E4-4E8B-8983-BA95BCCEE1AD}.Debug|Mixed Platforms.Build.0 = Debug|Any CPU
		{9DE99705-50E4-4E8B-8983-BA95BCCEE1AD}.Debug|x86.ActiveCfg = Debug|Any CPU
		{9DE99705-50E4-4E8B-8983-BA95BCCEE1AD}.Debug|x86.Build.0 = Debug|Any CPU
		{9DE99705-50E4-4E8B-8983-BA95BCCEE1AD}.Release|Any CPU.ActiveCfg = Release|Any CPU
		{9DE99705-50E4-4E8B-8983-BA95BCCEE1AD}.Release|Any CPU.Build.0 = Release|Any CPU
		{9DE99705-50E4-4E8B-8983-BA95BCCEE1AD}.Release|Mixed Platforms.ActiveCfg = Release|Any CPU
		{9DE99705-50E4-4E8B-8983-BA95BCCEE1AD}.Release|Mixed Platforms.Build.0 = Release|Any CPU
		{9DE99705-50E4-4E8B-8983-BA95BCCEE1AD}.Release|x86.ActiveCfg = Release|Any CPU
		{9DE99705-50E4-4E8B-8983-BA95BCCEE1AD}.Release|x86.Build.0 = Release|Any CPU
	EndGlobalSection
	GlobalSection(SolutionProperties) = preSolution
		HideSolutionNode = FALSE
	EndGlobalSection
	GlobalSection(NestedProjects) = preSolution
		{B2138FFE-1C61-4322-9173-2C5EA1AE5DE6} = {805645C0-5010-418E-B2B0-0554FAF8A9A1}
		{805645C0-5010-418E-B2B0-0554FAF8A9A1} = {05F1FCAA-2205-47B1-B014-EEE9D9C9B4A0}
		{40D3DE79-9FF0-4AB1-A5CB-B35A52622006} = {05F1FCAA-2205-47B1-B014-EEE9D9C9B4A0}
		{DC01FD92-DFB1-4F43-9A53-5FC58F49DABA} = {40D3DE79-9FF0-4AB1-A5CB-B35A52622006}
		{7755DDF5-CD33-442E-A8E9-4EB6DFBF4F58} = {05F1FCAA-2205-47B1-B014-EEE9D9C9B4A0}
		{2D2C92C1-B3B0-4F43-A865-216FD70D5DCB} = {05F1FCAA-2205-47B1-B014-EEE9D9C9B4A0}
		{D4AE0E92-B3B9-409E-8701-5F0DB6565023} = {40D3DE79-9FF0-4AB1-A5CB-B35A52622006}
		{26B75972-8DE5-4D42-8CA0-73ACED0A5E66} = {2D2C92C1-B3B0-4F43-A865-216FD70D5DCB}
		{2C2A076B-E626-4A07-9D6E-4AEE3FEC41B6} = {805645C0-5010-418E-B2B0-0554FAF8A9A1}
	EndGlobalSection
	GlobalSection(ExtensibilityGlobals) = postSolution
		SolutionGuid = {9C03520F-ADE3-4DE0-AB82-74CBCFD936BE}
	EndGlobalSection
EndGlobal
